
Microsoft Visual Studio Solution File, Format Version 11.00
# Visual Studio 2010
Project("{FAE04EC0-301F-11D3-BF4B-00C04F79EFBC}") = "Assembly-CSharp", "Assembly-CSharp.csproj", "{9D0ED116-64E1-A0D9-0380-2B00EAF893B0}"
EndProject
Project("{FAE04EC0-301F-11D3-BF4B-00C04F79EFBC}") = "Assembly-CSharp-Editor", "Assembly-CSharp-Editor.csproj", "{0320A2D1-BF5C-A6C5-5F4B-9A49D4AF11D1}"
EndProject
Global
	GlobalSection(SolutionConfigurationPlatforms) = preSolution
		Debug|Any CPU = Debug|Any CPU
		Release|Any CPU = Release|Any CPU
	EndGlobalSection
	GlobalSection(ProjectConfigurationPlatforms) = postSolution
		{9D0ED116-64E1-A0D9-0380-2B00EAF893B0}.Debug|Any CPU.ActiveCfg = Debug|Any CPU
		{9D0ED116-64E1-A0D9-0380-2B00EAF893B0}.Debug|Any CPU.Build.0 = Debug|Any CPU
		{9D0ED116-64E1-A0D9-0380-2B00EAF893B0}.Release|Any CPU.ActiveCfg = Release|Any CPU
		{9D0ED116-64E1-A0D9-0380-2B00EAF893B0}.Release|Any CPU.Build.0 = Release|Any CPU
		{0320A2D1-BF5C-A6C5-5F4B-9A49D4AF11D1}.Debug|Any CPU.ActiveCfg = Debug|Any CPU
		{0320A2D1-BF5C-A6C5-5F4B-9A49D4AF11D1}.Debug|Any CPU.Build.0 = Debug|Any CPU
		{0320A2D1-BF5C-A6C5-5F4B-9A49D4AF11D1}.Release|Any CPU.ActiveCfg = Release|Any CPU
		{0320A2D1-BF5C-A6C5-5F4B-9A49D4AF11D1}.Release|Any CPU.Build.0 = Release|Any CPU
	EndGlobalSection
	GlobalSection(SolutionProperties) = preSolution
		HideSolutionNode = FALSE
	EndGlobalSection
EndGlobal
